
Microsoft Visual Studio Solution File, Format Version 12.00
# Visual Studio 15
VisualStudioVersion = 15.0.28307.421
MinimumVisualStudioVersion = 10.0.40219.1
Project("{F184B08F-C81C-45F6-A57F-5ABD9991F28F}") = "DawoodZ_FinalProject", "DawoodZ_FinalProject\DawoodZ_FinalProject.vbproj", "{CDCA7840-840F-47CC-8DD6-4BD4DE2BAFA8}"
EndProject
Global
	GlobalSection(SolutionConfigurationPlatforms) = preSolution
		Debug|Any CPU = Debug|Any CPU
		Release|Any CPU = Release|Any CPU
	EndGlobalSection
	GlobalSection(ProjectConfigurationPlatforms) = postSolution
		{CDCA7840-840F-47CC-8DD6-4BD4DE2BAFA8}.Debug|Any CPU.ActiveCfg = Debug|Any CPU
		{CDCA7840-840F-47CC-8DD6-4BD4DE2BAFA8}.Debug|Any CPU.Build.0 = Debug|Any CPU
		{CDCA7840-840F-47CC-8DD6-4BD4DE2BAFA8}.Release|Any CPU.ActiveCfg = Release|Any CPU
		{CDCA7840-840F-47CC-8DD6-4BD4DE2BAFA8}.Release|Any CPU.Build.0 = Release|Any CPU
	EndGlobalSection
	GlobalSection(SolutionProperties) = preSolution
		HideSolutionNode = FALSE
	EndGlobalSection
	GlobalSection(ExtensibilityGlobals) = postSolution
		SolutionGuid = {FCE86D2A-C35D-4BD7-BF01-B7A62ED16856}
	EndGlobalSection
EndGlobal
